# SPDX-License-Identifier: (GPL-2.0-only OR BSD-2-Clause)
%YAML 1.2
---
$id: http://devicetree.org/schemas/hwlock/xuantie,th1520-hwspinlock.yaml#
$schema: http://devicetree.org/meta-schemas/core.yaml#

title: XUANTIE th1520 SoC HwSpinlock

maintainers:
  - Liu Yibin <jiulong@linux.alibaba.com>

properties:
  compatible:
    items:
      - const: th1520,hwspinlock

  reg:
    maxItems: 1


required:
  - compatible
  - reg

additionalProperties: false

examples:

  - |
    hwspinlock: hwspinlock@ffefc10000 {
        compatible = "th1520,hwspinlock";
        reg = <0xff 0xefc10000 0x0 0x10000>;
        status = "disabled";
    };
